Microsoft Visual Studio Solution File, Format Version 12.00
# Visual Studio 15
VisualStudioVersion = 15.0.26730.16
MinimumVisualStudioVersion = 15.0.26124.0
Project("{9A19103F-16F7-4668-BE54-9A1E7A4F7556}") = "websiteproject", "websiteproject\websiteproject.csproj", "{FA40E88E-207B-4106-A990-FD70C3878092}"
EndProject
Global
	GlobalSection(SolutionConfigurationPlatforms) = preSolution
		Debug|Any CPU = Debug|Any CPU
		Debug|x64 = Debug|x64
		Debug|x86 = Debug|x86
		Release|Any CPU = Release|Any CPU
		Release|x64 = Release|x64
		Release|x86 = Release|x86
	EndGlobalSection
	GlobalSection(ProjectConfigurationPlatforms) = postSolution
		{FA40E88E-207B-4106-A990-FD70C3878092}.Debug|Any CPU.ActiveCfg = Debug|Any CPU
		{FA40E88E-207B-4106-A990-FD70C3878092}.Debug|Any CPU.Build.0 = Debug|Any CPU
		{FA40E88E-207B-4106-A990-FD70C3878092}.Debug|x64.ActiveCfg = Debug|Any CPU
		{FA40E88E-207B-4106-A990-FD70C3878092}.Debug|x64.Build.0 = Debug|Any CPU
		{FA40E88E-207B-4106-A990-FD70C3878092}.Debug|x86.ActiveCfg = Debug|Any CPU
		{FA40E88E-207B-4106-A990-FD70C3878092}.Debug|x86.Build.0 = Debug|Any CPU
		{FA40E88E-207B-4106-A990-FD70C3878092}.Release|Any CPU.ActiveCfg = Release|Any CPU
		{FA40E88E-207B-4106-A990-FD70C3878092}.Release|Any CPU.Build.0 = Release|Any CPU
		{FA40E88E-207B-4106-A990-FD70C3878092}.Release|x64.ActiveCfg = Release|Any CPU
		{FA40E88E-207B-4106-A990-FD70C3878092}.Release|x64.Build.0 = Release|Any CPU
		{FA40E88E-207B-4106-A990-FD70C3878092}.Release|x86.ActiveCfg = Release|Any CPU
		{FA40E88E-207B-4106-A990-FD70C3878092}.Release|x86.Build.0 = Release|Any CPU
	EndGlobalSection
	GlobalSection(SolutionProperties) = preSolution
		HideSolutionNode = FALSE
	EndGlobalSection
	GlobalSection(ExtensibilityGlobals) = postSolution
		SolutionGuid = {4AA59169-7260-4132-BBE3-B783199515A3}
	EndGlobalSection
EndGlobal
